
Microsoft Visual Studio Solution File, Format Version 12.00
# Visual Studio 15
VisualStudioVersion = 15.0.28307.421
MinimumVisualStudioVersion = 10.0.40219.1
Project("{FAE04EC0-301F-11D3-BF4B-00C04F79EFBC}") = "SailBoatDB", "ProductMaintenance\SailBoatDB.csproj", "{37D55304-3558-4D25-B694-587BF9C194F5}"
EndProject
Global
	GlobalSection(SolutionConfigurationPlatforms) = preSolution
		Debug|Any CPU = Debug|Any CPU
		Release|Any CPU = Release|Any CPU
	EndGlobalSection
	GlobalSection(ProjectConfigurationPlatforms) = postSolution
		{37D55304-3558-4D25-B694-587BF9C194F5}.Debug|Any CPU.ActiveCfg = Debug|Any CPU
		{37D55304-3558-4D25-B694-587BF9C194F5}.Debug|Any CPU.Build.0 = Debug|Any CPU
		{37D55304-3558-4D25-B694-587BF9C194F5}.Release|Any CPU.ActiveCfg = Release|Any CPU
		{37D55304-3558-4D25-B694-587BF9C194F5}.Release|Any CPU.Build.0 = Release|Any CPU
	EndGlobalSection
	GlobalSection(SolutionProperties) = preSolution
		HideSolutionNode = FALSE
	EndGlobalSection
	GlobalSection(ExtensibilityGlobals) = postSolution
		SolutionGuid = {D5110F38-7D0A-49E7-BA89-7C77354DCDC5}
	EndGlobalSection
EndGlobal
